<Solution>
  <Folder Name="/src/">
    <Project Path="src/Api/Api.csproj" />
  </Folder>
  <Folder Name="/tests/">
    <Project Path="tests/Api.Tests/Api.Tests.csproj" />
  </Folder>
  <Folder Name="/evals/">
    <Project Path="evals/InvoiceAssistant.Evals/InvoiceAssistant.Evals.csproj" />
  </Folder>
</Solution>
